
Microsoft Visual Studio Solution File, Format Version 12.00
# Visual Studio Version 17
VisualStudioVersion = 17.12.35527.113
MinimumVisualStudioVersion = 10.0.40219.1
Project("{FAE04EC0-301F-11D3-BF4B-00C04F79EFBC}") = "ChronosPointer", "ChronosPointer.csproj", "{D33872C6-430D-4494-B005-6ADFB0C092C2}"
EndProject
Global
	GlobalSection(SolutionConfigurationPlatforms) = preSolution
		1.3|Any CPU = 1.3|Any CPU
		1.4|Any CPU = 1.4|Any CPU
		1.5|Any CPU = 1.5|Any CPU
		1.6|Any CPU = 1.6|Any CPU
		Debug|Any CPU = Debug|Any CPU
		Release|Any CPU = Release|Any CPU
	EndGlobalSection
	GlobalSection(ProjectConfigurationPlatforms) = postSolution
		{D33872C6-430D-4494-B005-6ADFB0C092C2}.1.3|Any CPU.ActiveCfg = 1.3|Any CPU
		{D33872C6-430D-4494-B005-6ADFB0C092C2}.1.3|Any CPU.Build.0 = 1.3|Any CPU
		{D33872C6-430D-4494-B005-6ADFB0C092C2}.1.4|Any CPU.ActiveCfg = 1.4|Any CPU
		{D33872C6-430D-4494-B005-6ADFB0C092C2}.1.4|Any CPU.Build.0 = 1.4|Any CPU
		{D33872C6-430D-4494-B005-6ADFB0C092C2}.1.5|Any CPU.ActiveCfg = 1.5|Any CPU
		{D33872C6-430D-4494-B005-6ADFB0C092C2}.1.5|Any CPU.Build.0 = 1.5|Any CPU
		{D33872C6-430D-4494-B005-6ADFB0C092C2}.1.6|Any CPU.ActiveCfg = 1.6|Any CPU
		{D33872C6-430D-4494-B005-6ADFB0C092C2}.1.6|Any CPU.Build.0 = 1.6|Any CPU
		{D33872C6-430D-4494-B005-6ADFB0C092C2}.Debug|Any CPU.ActiveCfg = Debug|Any CPU
		{D33872C6-430D-4494-B005-6ADFB0C092C2}.Debug|Any CPU.Build.0 = Debug|Any CPU
		{D33872C6-430D-4494-B005-6ADFB0C092C2}.Release|Any CPU.ActiveCfg = Release|Any CPU
		{D33872C6-430D-4494-B005-6ADFB0C092C2}.Release|Any CPU.Build.0 = Release|Any CPU
	EndGlobalSection
	GlobalSection(SolutionProperties) = preSolution
		HideSolutionNode = FALSE
	EndGlobalSection
EndGlobal
